// !$*UTF8*$!
{
	archiveVersion = 1;
	classes = {
	};
	objectVersion = 46;
	objects = {

/* Begin PBXBuildFile section */
		CB08ACDF1F68C4A8009C40DB /* AppDelegate.swift in Sources */ = {isa = PBXBuildFile; fileRef = CB08ACDE1F68C4A8009C40DB /* AppDelegate.swift */; };
		CB08ACE11F68C4A8009C40DB /* ViewController.swift in Sources */ = {isa = PBXBuildFile; fileRef = CB08ACE01F68C4A8009C40DB /* ViewController.swift */; };
		CB08ACE41F68C4A8009C40DB /* Main.storyboard in Resources */ = {isa = PBXBuildFile; fileRef = CB08ACE21F68C4A8009C40DB /* Main.storyboard */; };
		CB08ACE61F68C4A8009C40DB /* Assets.xcassets in Resources */ = {isa = PBXBuildFile; fileRef = CB08ACE51F68C4A8009C40DB /* Assets.xcassets */; };
		CB08ACE91F68C4A8009C40DB /* LaunchScreen.storyboard in Resources */ = {isa = PBXBuildFile; fileRef = CB08ACE71F68C4A8009C40DB /* LaunchScreen.storyboard */; };
		CB08ACF21F68D4ED009C40DB /* CoreImage.framework in Frameworks */ = {isa = PBXBuildFile; fileRef = CB08ACF11F68D4ED009C40DB /* CoreImage.framework */; };
		CB08ACF41F68D545009C40DB /* obamachange-1.jpg in Resources */ = {isa = PBXBuildFile; fileRef = CB08ACF31F68D545009C40DB /* obamachange-1.jpg */; };
		CB08ACF61F690D02009C40DB /* glasses.png in Resources */ = {isa = PBXBuildFile; fileRef = CB08ACF51F690D02009C40DB /* glasses.png */; };
		CB08ACF81F690DDB009C40DB /* matsuge.png in Resources */ = {isa = PBXBuildFile; fileRef = CB08ACF71F690DDB009C40DB /* matsuge.png */; };
		CB08ACFA1F690EF7009C40DB /* hige_100.png in Resources */ = {isa = PBXBuildFile; fileRef = CB08ACF91F690EF7009C40DB /* hige_100.png */; };
		CB08ACFC1F690F9C009C40DB /* ebizou.jpg in Resources */ = {isa = PBXBuildFile; fileRef = CB08ACFB1F690F9C009C40DB /* ebizou.jpg */; };
		CB08ACFE1F691029009C40DB /* que-1165952091.jpeg in Resources */ = {isa = PBXBuildFile; fileRef = CB08ACFD1F691029009C40DB /* que-1165952091.jpeg */; };
		CB08AD001F692AE2009C40DB /* FaceTracker.swift in Sources */ = {isa = PBXBuildFile; fileRef = CB08ACFF1F692AE2009C40DB /* FaceTracker.swift */; };
		CB08AD021F6D2919009C40DB /* WorkingViewController.swift in Sources */ = {isa = PBXBuildFile; fileRef = CB08AD011F6D2919009C40DB /* WorkingViewController.swift */; };
/* End PBXBuildFile section */

/* Begin PBXFileReference section */
		CB08ACDB1F68C4A8009C40DB /* break_recommendation.app */ = {isa = PBXFileReference; explicitFileType = wrapper.application; includeInIndex = 0; path = break_recommendation.app; sourceTree = BUILT_PRODUCTS_DIR; };
		CB08ACDE1F68C4A8009C40DB /* AppDelegate.swift */ = {isa = PBXFileReference; lastKnownFileType = sourcecode.swift; path = AppDelegate.swift; sourceTree = "<group>"; };
		CB08ACE01F68C4A8009C40DB /* ViewController.swift */ = {isa = PBXFileReference; lastKnownFileType = sourcecode.swift; path = ViewController.swift; sourceTree = "<group>"; };
		CB08ACE31F68C4A8009C40DB /* Base */ = {isa = PBXFileReference; lastKnownFileType = file.storyboard; name = Base; path = Base.lproj/Main.storyboard; sourceTree = "<group>"; };
		CB08ACE51F68C4A8009C40DB /* Assets.xcassets */ = {isa = PBXFileReference; lastKnownFileType = folder.assetcatalog; path = Assets.xcassets; sourceTree = "<group>"; };
		CB08ACE81F68C4A8009C40DB /* Base */ = {isa = PBXFileReference; lastKnownFileType = file.storyboard; name = Base; path = Base.lproj/LaunchScreen.storyboard; sourceTree = "<group>"; };
		CB08ACEA1F68C4A8009C40DB /* Info.plist */ = {isa = PBXFileReference; lastKnownFileType = text.plist.xml; path = Info.plist; sourceTree = "<group>"; };
		CB08ACF11F68D4ED009C40DB /* CoreImage.framework */ = {isa = PBXFileReference; lastKnownFileType = wrapper.framework; name = CoreImage.framework; path = System/Library/Frameworks/CoreImage.framework; sourceTree = SDKROOT; };
		CB08ACF31F68D545009C40DB /* obamachange-1.jpg */ = {isa = PBXFileReference; lastKnownFileType = image.jpeg; path = "obamachange-1.jpg"; sourceTree = "<group>"; };
		CB08ACF51F690D02009C40DB /* glasses.png */ = {isa = PBXFileReference; lastKnownFileType = image.png; path = glasses.png; sourceTree = "<group>"; };
		CB08ACF71F690DDB009C40DB /* matsuge.png */ = {isa = PBXFileReference; lastKnownFileType = image.png; path = matsuge.png; sourceTree = "<group>"; };
		CB08ACF91F690EF7009C40DB /* hige_100.png */ = {isa = PBXFileReference; lastKnownFileType = image.png; path = hige_100.png; sourceTree = "<group>"; };
		CB08ACFB1F690F9C009C40DB /* ebizou.jpg */ = {isa = PBXFileReference; lastKnownFileType = image.jpeg; path = ebizou.jpg; sourceTree = "<group>"; };
		CB08ACFD1F691029009C40DB /* que-1165952091.jpeg */ = {isa = PBXFileReference; lastKnownFileType = image.jpeg; path = "que-1165952091.jpeg"; sourceTree = "<group>"; };
		CB08ACFF1F692AE2009C40DB /* FaceTracker.swift */ = {isa = PBXFileReference; fileEncoding = 4; lastKnownFileType = sourcecode.swift; path = FaceTracker.swift; sourceTree = "<group>"; };
		CB08AD011F6D2919009C40DB /* WorkingViewController.swift */ = {isa = PBXFileReference; fileEncoding = 4; lastKnownFileType = sourcecode.swift; path = WorkingViewController.swift; sourceTree = "<group>"; };
/* End PBXFileReference section */

/* Begin PBXFrameworksBuildPhase section */
		CB08ACD81F68C4A8009C40DB /* Frameworks */ = {
			isa = PBXFrameworksBuildPhase;
			buildActionMask = 2147483647;
			files = (
				CB08ACF21F68D4ED009C40DB /* CoreImage.framework in Frameworks */,
			);
			runOnlyForDeploymentPostprocessing = 0;
		};
/* End PBXFrameworksBuildPhase section */

/* Begin PBXGroup section */
		CB08ACD21F68C4A8009C40DB = {
			isa = PBXGroup;
			children = (
				CB08ACDD1F68C4A8009C40DB /* break_recommendation */,
				CB08ACDC1F68C4A8009C40DB /* Products */,
				CB08ACF01F68D4ED009C40DB /* Frameworks */,
			);
			sourceTree = "<group>";
		};
		CB08ACDC1F68C4A8009C40DB /* Products */ = {
			isa = PBXGroup;
			children = (
				CB08ACDB1F68C4A8009C40DB /* break_recommendation.app */,
			);
			name = Products;
			sourceTree = "<group>";
		};
		CB08ACDD1F68C4A8009C40DB /* break_recommendation */ = {
			isa = PBXGroup;
			children = (
				CB08ACDE1F68C4A8009C40DB /* AppDelegate.swift */,
				CB08ACE01F68C4A8009C40DB /* ViewController.swift */,
				CB08AD011F6D2919009C40DB /* WorkingViewController.swift */,
				CB08ACFF1F692AE2009C40DB /* FaceTracker.swift */,
				CB08ACF91F690EF7009C40DB /* hige_100.png */,
				CB08ACFD1F691029009C40DB /* que-1165952091.jpeg */,
				CB08ACF71F690DDB009C40DB /* matsuge.png */,
				CB08ACFB1F690F9C009C40DB /* ebizou.jpg */,
				CB08ACF51F690D02009C40DB /* glasses.png */,
				CB08ACF31F68D545009C40DB /* obamachange-1.jpg */,
				CB08ACE21F68C4A8009C40DB /* Main.storyboard */,
				CB08ACE51F68C4A8009C40DB /* Assets.xcassets */,
				CB08ACE71F68C4A8009C40DB /* LaunchScreen.storyboard */,
				CB08ACEA1F68C4A8009C40DB /* Info.plist */,
			);
			path = break_recommendation;
			sourceTree = "<group>";
		};
		CB08ACF01F68D4ED009C40DB /* Frameworks */ = {
			isa = PBXGroup;
			children = (
				CB08ACF11F68D4ED009C40DB /* CoreImage.framework */,
			);
			name = Frameworks;
			sourceTree = "<group>";
		};
/* End PBXGroup section */

/* Begin PBXNativeTarget section */
		CB08ACDA1F68C4A8009C40DB /* break_recommendation */ = {
			isa = PBXNativeTarget;
			buildConfigurationList = CB08ACED1F68C4A8009C40DB /* Build configuration list for PBXNativeTarget "break_recommendation" */;
			buildPhases = (
				CB08ACD71F68C4A8009C40DB /* Sources */,
				CB08ACD81F68C4A8009C40DB /* Frameworks */,
				CB08ACD91F68C4A8009C40DB /* Resources */,
			);
			buildRules = (
			);
			dependencies = (
			);
			name = break_recommendation;
			productName = break_recommendation;
			productReference = CB08ACDB1F68C4A8009C40DB /* break_recommendation.app */;
			productType = "com.apple.product-type.application";
		};
/* End PBXNativeTarget section */

/* Begin PBXProject section */
		CB08ACD31F68C4A8009C40DB /* Project object */ = {
			isa = PBXProject;
			attributes = {
				LastSwiftUpdateCheck = 0830;
				LastUpgradeCheck = 0830;
				ORGANIZATIONNAME = "田中歩";
				TargetAttributes = {
					CB08ACDA1F68C4A8009C40DB = {
						CreatedOnToolsVersion = 8.3.3;
						DevelopmentTeam = RKP5LRF3XR;
						ProvisioningStyle = Automatic;
					};
				};
			};
			buildConfigurationList = CB08ACD61F68C4A8009C40DB /* Build configuration list for PBXProject "break_recommendation" */;
			compatibilityVersion = "Xcode 3.2";
			developmentRegion = English;
			hasScannedForEncodings = 0;
			knownRegions = (
				en,
				Base,
			);
			mainGroup = CB08ACD21F68C4A8009C40DB;
			productRefGroup = CB08ACDC1F68C4A8009C40DB /* Products */;
			projectDirPath = "";
			projectRoot = "";
			targets = (
				CB08ACDA1F68C4A8009C40DB /* break_recommendation */,
			);
		};
/* End PBXProject section */

/* Begin PBXResourcesBuildPhase section */
		CB08ACD91F68C4A8009C40DB /* Resources */ = {
			isa = PBXResourcesBuildPhase;
			buildActionMask = 2147483647;
			files = (
				CB08ACF81F690DDB009C40DB /* matsuge.png in Resources */,
				CB08ACFE1F691029009C40DB /* que-1165952091.jpeg in Resources */,
				CB08ACF61F690D02009C40DB /* glasses.png in Resources */,
				CB08ACFA1F690EF7009C40DB /* hige_100.png in Resources */,
				CB08ACF41F68D545009C40DB /* obamachange-1.jpg in Resources */,
				CB08ACE91F68C4A8009C40DB /* LaunchScreen.storyboard in Resources */,
				CB08ACE61F68C4A8009C40DB /* Assets.xcassets in Resources */,
				CB08ACE41F68C4A8009C40DB /* Main.storyboard in Resources */,
				CB08ACFC1F690F9C009C40DB /* ebizou.jpg in Resources */,
			);
			runOnlyForDeploymentPostprocessing = 0;
		};
/* End PBXResourcesBuildPhase section */

/* Begin PBXSourcesBuildPhase section */
		CB08ACD71F68C4A8009C40DB /* Sources */ = {
			isa = PBXSourcesBuildPhase;
			buildActionMask = 2147483647;
			files = (
				CB08ACE11F68C4A8009C40DB /* ViewController.swift in Sources */,
				CB08ACDF1F68C4A8009C40DB /* AppDelegate.swift in Sources */,
				CB08AD021F6D2919009C40DB /* WorkingViewController.swift in Sources */,
				CB08AD001F692AE2009C40DB /* FaceTracker.swift in Sources */,
			);
			runOnlyForDeploymentPostprocessing = 0;
		};
/* End PBXSourcesBuildPhase section */

/* Begin PBXVariantGroup section */
		CB08ACE21F68C4A8009C40DB /* Main.storyboard */ = {
			isa = PBXVariantGroup;
			children = (
				CB08ACE31F68C4A8009C40DB /* Base */,
			);
			name = Main.storyboard;
			sourceTree = "<group>";
		};
		CB08ACE71F68C4A8009C40DB /* LaunchScreen.storyboard */ = {
			isa = PBXVariantGroup;
			children = (
				CB08ACE81F68C4A8009C40DB /* Base */,
			);
			name = LaunchScreen.storyboard;
			sourceTree = "<group>";
		};
/* End PBXVariantGroup section */

/* Begin XCBuildConfiguration section */
		CB08ACEB1F68C4A8009C40DB /* Debug */ = {
			isa = XCBuildConfiguration;
			buildSettings = {
				ALWAYS_SEARCH_USER_PATHS = NO;
				CLANG_ANALYZER_NONNULL = YES;
				CLANG_ANALYZER_NUMBER_OBJECT_CONVERSION = YES_AGGRESSIVE;
				CLANG_CXX_LANGUAGE_STANDARD = "gnu++0x";
				CLANG_CXX_LIBRARY = "libc++";
				CLANG_ENABLE_MODULES = YES;
				CLANG_ENABLE_OBJC_ARC = YES;
				CLANG_WARN_BOOL_CONVERSION = YES;
				CLANG_WARN_CONSTANT_CONVERSION = YES;
				CLANG_WARN_DIRECT_OBJC_ISA_USAGE = YES_ERROR;
				CLANG_WARN_DOCUMENTATION_COMMENTS = YES;
				CLANG_WARN_EMPTY_BODY = YES;
				CLANG_WARN_ENUM_CONVERSION = YES;
				CLANG_WARN_INFINITE_RECURSION = YES;
				CLANG_WARN_INT_CONVERSION = YES;
				CLANG_WARN_OBJC_ROOT_CLASS = YES_ERROR;
				CLANG_WARN_SUSPICIOUS_MOVE = YES;
				CLANG_WARN_UNREACHABLE_CODE = YES;
				CLANG_WARN__DUPLICATE_METHOD_MATCH = YES;
				"CODE_SIGN_IDENTITY[sdk=iphoneos*]" = "iPhone Developer";
				COPY_PHASE_STRIP = NO;
				DEBUG_INFORMATION_FORMAT = dwarf;
				ENABLE_STRICT_OBJC_MSGSEND = YES;
				ENABLE_TESTABILITY = YES;
				GCC_C_LANGUAGE_STANDARD = gnu99;
				GCC_DYNAMIC_NO_PIC = NO;
				GCC_NO_COMMON_BLOCKS = YES;
				GCC_OPTIMIZATION_LEVEL = 0;
				GCC_PREPROCESSOR_DEFINITIONS = (
					"DEBUG=1",
					"$(inherited)",
				);
				GCC_WARN_64_TO_32_BIT_CONVERSION = YES;
				GCC_WARN_ABOUT_RETURN_TYPE = YES_ERROR;
				GCC_WARN_UNDECLARED_SELECTOR = YES;
				GCC_WARN_UNINITIALIZED_AUTOS = YES_AGGRESSIVE;
				GCC_WARN_UNUSED_FUNCTION = YES;
				GCC_WARN_UNUSED_VARIABLE = YES;
				IPHONEOS_DEPLOYMENT_TARGET = 10.3;
				MTL_ENABLE_DEBUG_INFO = YES;
				ONLY_ACTIVE_ARCH = YES;
				SDKROOT = iphoneos;
				SWIFT_ACTIVE_COMPILATION_CONDITIONS = DEBUG;
				SWIFT_OPTIMIZATION_LEVEL = "-Onone";
			};
			name = Debug;
		};
		CB08ACEC1F68C4A8009C40DB /* Release */ = {
			isa = XCBuildConfiguration;
			buildSettings = {
				ALWAYS_SEARCH_USER_PATHS = NO;
				CLANG_ANALYZER_NONNULL = YES;
				CLANG_ANALYZER_NUMBER_OBJECT_CONVERSION = YES_AGGRESSIVE;
				CLANG_CXX_LANGUAGE_STANDARD = "gnu++0x";
				CLANG_CXX_LIBRARY = "libc++";
				CLANG_ENABLE_MODULES = YES;
				CLANG_ENABLE_OBJC_ARC = YES;
				CLANG_WARN_BOOL_CONVERSION = YES;
				CLANG_WARN_CONSTANT_CONVERSION = YES;
				CLANG_WARN_DIRECT_OBJC_ISA_USAGE = YES_ERROR;
				CLANG_WARN_DOCUMENTATION_COMMENTS = YES;
				CLANG_WARN_EMPTY_BODY = YES;
				CLANG_WARN_ENUM_CONVERSION = YES;
				CLANG_WARN_INFINITE_RECURSION = YES;
				CLANG_WARN_INT_CONVERSION = YES;
				CLANG_WARN_OBJC_ROOT_CLASS = YES_ERROR;
				CLANG_WARN_SUSPICIOUS_MOVE = YES;
				CLANG_WARN_UNREACHABLE_CODE = YES;
				CLANG_WARN__DUPLICATE_METHOD_MATCH = YES;
				"CODE_SIGN_IDENTITY[sdk=iphoneos*]" = "iPhone Developer";
				COPY_PHASE_STRIP = NO;
				DEBUG_INFORMATION_FORMAT = "dwarf-with-dsym";
				ENABLE_NS_ASSERTIONS = NO;
				ENABLE_STRICT_OBJC_MSGSEND = YES;
				GCC_C_LANGUAGE_STANDARD = gnu99;
				GCC_NO_COMMON_BLOCKS = YES;
				GCC_WARN_64_TO_32_BIT_CONVERSION = YES;
				GCC_WARN_ABOUT_RETURN_TYPE = YES_ERROR;
				GCC_WARN_UNDECLARED_SELECTOR = YES;
				GCC_WARN_UNINITIALIZED_AUTOS = YES_AGGRESSIVE;
				GCC_WARN_UNUSED_FUNCTION = YES;
				GCC_WARN_UNUSED_VARIABLE = YES;
				IPHONEOS_DEPLOYMENT_TARGET = 10.3;
				MTL_ENABLE_DEBUG_INFO = NO;
				SDKROOT = iphoneos;
				SWIFT_OPTIMIZATION_LEVEL = "-Owholemodule";
				VALIDATE_PRODUCT = YES;
			};
			name = Release;
		};
		CB08ACEE1F68C4A8009C40DB /* Debug */ = {
			isa = XCBuildConfiguration;
			buildSettings = {
				ASSETCATALOG_COMPILER_APPICON_NAME = AppIcon;
				DEVELOPMENT_TEAM = RKP5LRF3XR;
				INFOPLIST_FILE = break_recommendation/Info.plist;
				IPHONEOS_DEPLOYMENT_TARGET = 10.0;
				LD_RUNPATH_SEARCH_PATHS = "$(inherited) @executable_path/Frameworks";
				PRODUCT_BUNDLE_IDENTIFIER = "com.ayumu.break-recommendation";
				PRODUCT_NAME = "$(TARGET_NAME)";
				SWIFT_VERSION = 3.0;
			};
			name = Debug;
		};
		CB08ACEF1F68C4A8009C40DB /* Release */ = {
			isa = XCBuildConfiguration;
			buildSettings = {
				ASSETCATALOG_COMPILER_APPICON_NAME = AppIcon;
				DEVELOPMENT_TEAM = RKP5LRF3XR;
				INFOPLIST_FILE = break_recommendation/Info.plist;
				IPHONEOS_DEPLOYMENT_TARGET = 10.0;
				LD_RUNPATH_SEARCH_PATHS = "$(inherited) @executable_path/Frameworks";
				PRODUCT_BUNDLE_IDENTIFIER = "com.ayumu.break-recommendation";
				PRODUCT_NAME = "$(TARGET_NAME)";
				SWIFT_VERSION = 3.0;
			};
			name = Release;
		};
/* End XCBuildConfiguration section */

/* Begin XCConfigurationList section */
		CB08ACD61F68C4A8009C40DB /* Build configuration list for PBXProject "break_recommendation" */ = {
			isa = XCConfigurationList;
			buildConfigurations = (
				CB08ACEB1F68C4A8009C40DB /* Debug */,
				CB08ACEC1F68C4A8009C40DB /* Release */,
			);
			defaultConfigurationIsVisible = 0;
			defaultConfigurationName = Release;
		};
		CB08ACED1F68C4A8009C40DB /* Build configuration list for PBXNativeTarget "break_recommendation" */ = {
			isa = XCConfigurationList;
			buildConfigurations = (
				CB08ACEE1F68C4A8009C40DB /* Debug */,
				CB08ACEF1F68C4A8009C40DB /* Release */,
			);
			defaultConfigurationIsVisible = 0;
		};
/* End XCConfigurationList section */
	};
	rootObject = CB08ACD31F68C4A8009C40DB /* Project object */;
}
